
Microsoft Visual Studio Solution File, Format Version 12.00
# Visual Studio 15
VisualStudioVersion = 15.0.28307.438
MinimumVisualStudioVersion = 10.0.40219.1
Project("{FAE04EC0-301F-11D3-BF4B-00C04F79EFBC}") = "Fun_Places_To_Go", "Fun_Places_To_Go\Fun_Places_To_Go.csproj", "{5F067E5E-5955-487B-9FC3-C2A7EA80AB1F}"
EndProject
Global
	GlobalSection(SolutionConfigurationPlatforms) = preSolution
		Debug|Any CPU = Debug|Any CPU
		Release|Any CPU = Release|Any CPU
	EndGlobalSection
	GlobalSection(ProjectConfigurationPlatforms) = postSolution
		{5F067E5E-5955-487B-9FC3-C2A7EA80AB1F}.Debug|Any CPU.ActiveCfg = Debug|Any CPU
		{5F067E5E-5955-487B-9FC3-C2A7EA80AB1F}.Debug|Any CPU.Build.0 = Debug|Any CPU
		{5F067E5E-5955-487B-9FC3-C2A7EA80AB1F}.Release|Any CPU.ActiveCfg = Release|Any CPU
		{5F067E5E-5955-487B-9FC3-C2A7EA80AB1F}.Release|Any CPU.Build.0 = Release|Any CPU
	EndGlobalSection
	GlobalSection(SolutionProperties) = preSolution
		HideSolutionNode = FALSE
	EndGlobalSection
	GlobalSection(ExtensibilityGlobals) = postSolution
		SolutionGuid = {4AA9761A-EBB4-4F9D-A4CA-16004829B626}
	EndGlobalSection
EndGlobal
